[[package]]
name = "core"
source = "path+from-root-E94B90DC4BF55373"

[[package]]
name = "libraries"
source = "path+from-root-4E30BBE9DCFC2948"
dependencies = ["std"]

[[package]]
name = "standards"
source = "git+https://github.com/FuelLabs/sway-standards?tag=v0.4.4#a001d3c248595112aae67e5633a06ef9bc0536ae"
dependencies = ["std"]

[[package]]
name = "std"
source = "git+https://github.com/fuellabs/sway?rev#f5fd2e63a6ed0f947dd3f978cc15f6d788f53843"
dependencies = ["core"]

[[package]]
name = "token-streaming"
source = "member"
dependencies = [
    "libraries",
    "standards",
    "std",
]

[[package]]
name = "vesting-curves"
source = "member"
dependencies = [
    "libraries",
    "standards",
    "std",
]
