[[package]]
name = "airstreams"
source = "member"
dependencies = [
    "libraries",
    "standards git+https://github.com/FuelLabs/sway-standards?tag=v0.4.4#a001d3c248595112aae67e5633a06ef9bc0536ae",
    "std",
    "sway_libs",
]

[[package]]
name = "core"
source = "path+from-root-E94B90DC4BF55373"

[[package]]
name = "libraries"
source = "path+from-root-24E8A1A29C65D055"
dependencies = ["std"]

[[package]]
name = "standards"
source = "git+https://github.com/FuelLabs/sway-standards?tag=v0.4.4#a001d3c248595112aae67e5633a06ef9bc0536ae"
dependencies = ["std"]

[[package]]
name = "standards"
source = "git+https://github.com/FuelLabs/sway-standards?tag=v0.5.0#348f7175df4c012b23c86cdb18aab79025ca1f18"
dependencies = ["std"]

[[package]]
name = "std"
source = "git+https://github.com/fuellabs/sway?rev#f5fd2e63a6ed0f947dd3f978cc15f6d788f53843"
dependencies = ["core"]

[[package]]
name = "sway_libs"
source = "git+https://github.com/FuelLabs/sway-libs?tag=v0.22.0#172adbbcc36e561a56c5820209445f86f0856bfc"
dependencies = [
    "standards git+https://github.com/FuelLabs/sway-standards?tag=v0.5.0#348f7175df4c012b23c86cdb18aab79025ca1f18",
    "std",
]

[[package]]
name = "token-streaming"
source = "member"
dependencies = [
    "libraries",
    "standards git+https://github.com/FuelLabs/sway-standards?tag=v0.4.4#a001d3c248595112aae67e5633a06ef9bc0536ae",
    "std",
]

[[package]]
name = "vesting-curves"
source = "member"
dependencies = [
    "libraries",
    "standards git+https://github.com/FuelLabs/sway-standards?tag=v0.4.4#a001d3c248595112aae67e5633a06ef9bc0536ae",
    "std",
]
