[[package]]
name = "core"
source = "path+from-root-8357A6DDC5F39D14"

[[package]]
name = "libraries"
source = "path+from-root-4E30BBE9DCFC2948"
dependencies = ["std"]

[[package]]
name = "standards"
source = "git+https://github.com/FuelLabs/sway-standards?tag=v0.4.4#a001d3c248595112aae67e5633a06ef9bc0536ae"
dependencies = ["std"]

[[package]]
name = "std"
source = "git+https://github.com/fuellabs/sway?tag=v0.65.2#66bb430395daf5b8f7205f7b9d8d008e2e812d54"
dependencies = ["core"]

[[package]]
name = "token-streaming"
source = "member"
dependencies = [
    "libraries",
    "standards",
    "std",
]

[[package]]
name = "vesting-curves"
source = "member"
dependencies = [
    "libraries",
    "standards",
    "std",
]
